
Microsoft Visual Studio Solution File, Format Version 12.00
# Visual Studio Version 17
VisualStudioVersion = 17.12.35527.113
MinimumVisualStudioVersion = 10.0.40219.1
Project("{FAE04EC0-301F-11D3-BF4B-00C04F79EFBC}") = "BookingService.Booking", "BookingService.Booking\BookingService.Booking.csproj", "{171B75E3-5AF1-4FFA-B974-465002A58463}"
EndProject
Project("{2150E333-8FDC-42A3-9474-1A3956D46DE8}") = "src", "src", "{85076737-0445-4D5F-B4B3-A8CBF62AAC4B}"
EndProject
Project("{FAE04EC0-301F-11D3-BF4B-00C04F79EFBC}") = "BookingService.Booking.Host", "BookingService.Booking.Host\BookingService.Booking.Host.csproj", "{8E21B661-CF36-4DFF-A0C2-4298C60DDA06}"
EndProject
Project("{FAE04EC0-301F-11D3-BF4B-00C04F79EFBC}") = "BookingService.Booking.Api.Contracts", "BookingService.Booking.Api.Contracts\BookingService.Booking.Api.Contracts.csproj", "{6364CF5D-EC9E-439D-B908-68FB07E7ABAA}"
EndProject
Project("{FAE04EC0-301F-11D3-BF4B-00C04F79EFBC}") = "BookingService.Booking.AppServices", "BookingService.Booking.AppServices\BookingService.Booking.AppServices.csproj", "{9BFE2510-8392-473C-8E8B-3BAD63A9C57B}"
EndProject
Project("{2150E333-8FDC-42A3-9474-1A3956D46DE8}") = "tests", "tests", "{76A9E9D4-CA22-4B0B-B1E0-D6CA802150E0}"
EndProject
Global
	GlobalSection(SolutionConfigurationPlatforms) = preSolution
		Debug|Any CPU = Debug|Any CPU
		Release|Any CPU = Release|Any CPU
	EndGlobalSection
	GlobalSection(ProjectConfigurationPlatforms) = postSolution
		{171B75E3-5AF1-4FFA-B974-465002A58463}.Debug|Any CPU.ActiveCfg = Debug|Any CPU
		{171B75E3-5AF1-4FFA-B974-465002A58463}.Debug|Any CPU.Build.0 = Debug|Any CPU
		{171B75E3-5AF1-4FFA-B974-465002A58463}.Release|Any CPU.ActiveCfg = Release|Any CPU
		{171B75E3-5AF1-4FFA-B974-465002A58463}.Release|Any CPU.Build.0 = Release|Any CPU
		{8E21B661-CF36-4DFF-A0C2-4298C60DDA06}.Debug|Any CPU.ActiveCfg = Debug|Any CPU
		{8E21B661-CF36-4DFF-A0C2-4298C60DDA06}.Debug|Any CPU.Build.0 = Debug|Any CPU
		{8E21B661-CF36-4DFF-A0C2-4298C60DDA06}.Release|Any CPU.ActiveCfg = Release|Any CPU
		{8E21B661-CF36-4DFF-A0C2-4298C60DDA06}.Release|Any CPU.Build.0 = Release|Any CPU
		{6364CF5D-EC9E-439D-B908-68FB07E7ABAA}.Debug|Any CPU.ActiveCfg = Debug|Any CPU
		{6364CF5D-EC9E-439D-B908-68FB07E7ABAA}.Debug|Any CPU.Build.0 = Debug|Any CPU
		{6364CF5D-EC9E-439D-B908-68FB07E7ABAA}.Release|Any CPU.ActiveCfg = Release|Any CPU
		{6364CF5D-EC9E-439D-B908-68FB07E7ABAA}.Release|Any CPU.Build.0 = Release|Any CPU
		{9BFE2510-8392-473C-8E8B-3BAD63A9C57B}.Debug|Any CPU.ActiveCfg = Debug|Any CPU
		{9BFE2510-8392-473C-8E8B-3BAD63A9C57B}.Debug|Any CPU.Build.0 = Debug|Any CPU
		{9BFE2510-8392-473C-8E8B-3BAD63A9C57B}.Release|Any CPU.ActiveCfg = Release|Any CPU
		{9BFE2510-8392-473C-8E8B-3BAD63A9C57B}.Release|Any CPU.Build.0 = Release|Any CPU
	EndGlobalSection
	GlobalSection(SolutionProperties) = preSolution
		HideSolutionNode = FALSE
	EndGlobalSection
	GlobalSection(NestedProjects) = preSolution
		{8E21B661-CF36-4DFF-A0C2-4298C60DDA06} = {85076737-0445-4D5F-B4B3-A8CBF62AAC4B}
		{6364CF5D-EC9E-439D-B908-68FB07E7ABAA} = {85076737-0445-4D5F-B4B3-A8CBF62AAC4B}
		{9BFE2510-8392-473C-8E8B-3BAD63A9C57B} = {85076737-0445-4D5F-B4B3-A8CBF62AAC4B}
	EndGlobalSection
EndGlobal
